
Microsoft Visual Studio Solution File, Format Version 12.00
# Visual Studio Version 16
VisualStudioVersion = 16.0.29709.97
MinimumVisualStudioVersion = 10.0.40219.1
Project("{FAE04EC0-301F-11D3-BF4B-00C04F79EFBC}") = "shoppingLISTlab", "shoppingLISTlab\shoppingLISTlab.csproj", "{50E37CA5-8223-43B5-9EDF-E0BEF94E6372}"
EndProject
Global
	GlobalSection(SolutionConfigurationPlatforms) = preSolution
		Debug|Any CPU = Debug|Any CPU
		Release|Any CPU = Release|Any CPU
	EndGlobalSection
	GlobalSection(ProjectConfigurationPlatforms) = postSolution
		{50E37CA5-8223-43B5-9EDF-E0BEF94E6372}.Debug|Any CPU.ActiveCfg = Debug|Any CPU
		{50E37CA5-8223-43B5-9EDF-E0BEF94E6372}.Debug|Any CPU.Build.0 = Debug|Any CPU
		{50E37CA5-8223-43B5-9EDF-E0BEF94E6372}.Release|Any CPU.ActiveCfg = Release|Any CPU
		{50E37CA5-8223-43B5-9EDF-E0BEF94E6372}.Release|Any CPU.Build.0 = Release|Any CPU
	EndGlobalSection
	GlobalSection(SolutionProperties) = preSolution
		HideSolutionNode = FALSE
	EndGlobalSection
	GlobalSection(ExtensibilityGlobals) = postSolution
		SolutionGuid = {B5273AE4-85BB-4126-AC7E-52B2D58AE067}
	EndGlobalSection
EndGlobal
